
Microsoft Visual Studio Solution File, Format Version 12.00
# Visual Studio Version 17
VisualStudioVersion = 17.8.34330.188
MinimumVisualStudioVersion = 10.0.40219.1
Project("{54A90642-561A-4BB1-A94E-469ADEE60C69}") = "gobbletreact", "GobbletReact\gobbletreact.esproj", "{BB8DEBCC-13C8-40F5-8B2B-DC21587EDB59}"
EndProject
Global
	GlobalSection(SolutionConfigurationPlatforms) = preSolution
		Debug|Any CPU = Debug|Any CPU
		Release|Any CPU = Release|Any CPU
	EndGlobalSection
	GlobalSection(ProjectConfigurationPlatforms) = postSolution
		{BB8DEBCC-13C8-40F5-8B2B-DC21587EDB59}.Debug|Any CPU.ActiveCfg = Debug|Any CPU
		{BB8DEBCC-13C8-40F5-8B2B-DC21587EDB59}.Debug|Any CPU.Build.0 = Debug|Any CPU
		{BB8DEBCC-13C8-40F5-8B2B-DC21587EDB59}.Debug|Any CPU.Deploy.0 = Debug|Any CPU
		{BB8DEBCC-13C8-40F5-8B2B-DC21587EDB59}.Release|Any CPU.ActiveCfg = Release|Any CPU
		{BB8DEBCC-13C8-40F5-8B2B-DC21587EDB59}.Release|Any CPU.Build.0 = Release|Any CPU
		{BB8DEBCC-13C8-40F5-8B2B-DC21587EDB59}.Release|Any CPU.Deploy.0 = Release|Any CPU
	EndGlobalSection
	GlobalSection(SolutionProperties) = preSolution
		HideSolutionNode = FALSE
	EndGlobalSection
	GlobalSection(ExtensibilityGlobals) = postSolution
		SolutionGuid = {0304B3E3-F5B2-4A04-9767-18FAF63D77D7}
	EndGlobalSection
EndGlobal
